
Microsoft Visual Studio Solution File, Format Version 12.00
# Visual Studio Version 17
VisualStudioVersion = 17.9.34728.123
MinimumVisualStudioVersion = 10.0.40219.1
Project("{FAE04EC0-301F-11D3-BF4B-00C04F79EFBC}") = "temp control visual", "temp control visual\temp control visual.csproj", "{DF5B27E2-969C-4F5A-B23D-FEA484BD9382}"
EndProject
Global
	GlobalSection(SolutionConfigurationPlatforms) = preSolution
		Debug|Any CPU = Debug|Any CPU
		Release|Any CPU = Release|Any CPU
	EndGlobalSection
	GlobalSection(ProjectConfigurationPlatforms) = postSolution
		{DF5B27E2-969C-4F5A-B23D-FEA484BD9382}.Debug|Any CPU.ActiveCfg = Debug|Any CPU
		{DF5B27E2-969C-4F5A-B23D-FEA484BD9382}.Debug|Any CPU.Build.0 = Debug|Any CPU
		{DF5B27E2-969C-4F5A-B23D-FEA484BD9382}.Debug|Any CPU.Deploy.0 = Debug|Any CPU
		{DF5B27E2-969C-4F5A-B23D-FEA484BD9382}.Release|Any CPU.ActiveCfg = Release|Any CPU
		{DF5B27E2-969C-4F5A-B23D-FEA484BD9382}.Release|Any CPU.Build.0 = Release|Any CPU
		{DF5B27E2-969C-4F5A-B23D-FEA484BD9382}.Release|Any CPU.Deploy.0 = Release|Any CPU
	EndGlobalSection
	GlobalSection(SolutionProperties) = preSolution
		HideSolutionNode = FALSE
	EndGlobalSection
	GlobalSection(ExtensibilityGlobals) = postSolution
		SolutionGuid = {F08D7AFB-C4CA-4872-859A-C22CA452317A}
	EndGlobalSection
EndGlobal
